
Microsoft Visual Studio Solution File, Format Version 10.00
# Visual Studio 2008
Project("{FAE04EC0-301F-11D3-BF4B-00C04F79EFBC}") = "fsim", "fsim\fsim.csproj", "{340165D4-F3D3-415A-8EEA-2B45C794A2C0}"
EndProject
Project("{FAE04EC0-301F-11D3-BF4B-00C04F79EFBC}") = "Parameters", "Parameters\Parameters.csproj", "{67A1D000-12E6-439C-BC89-23C4059BC855}"
EndProject
Project("{FAE04EC0-301F-11D3-BF4B-00C04F79EFBC}") = "Value", "Value\Value.csproj", "{CD1BD2A7-AB61-4A58-B1F9-9A3DF9A0E9F2}"
EndProject
Project("{FAE04EC0-301F-11D3-BF4B-00C04F79EFBC}") = "StepCalculators", "StepCalculators\StepCalculators.csproj", "{95DCD086-DBE7-4361-BE61-C62FB904659E}"
EndProject
Project("{FAE04EC0-301F-11D3-BF4B-00C04F79EFBC}") = "ConsoleCakeFormationSample", "ConsoleCakeFormationSample\ConsoleCakeFormationSample.csproj", "{29690520-285F-4A59-A36C-1CE0D0EAC2ED}"
EndProject
Project("{2150E333-8FDC-42A3-9474-1A3956D46DE8}") = "Samples", "Samples", "{0888CD03-3B39-4394-AB89-9DBC41961E48}"
EndProject
Project("{2150E333-8FDC-42A3-9474-1A3956D46DE8}") = "Libraries", "Libraries", "{0DCA16CA-6D6E-4C37-A1B1-45ED061175FF}"
EndProject
Project("{FAE04EC0-301F-11D3-BF4B-00C04F79EFBC}") = "WinFormsCakeFormationSample", "WinFormsCakeFormationSample\WinFormsCakeFormationSample.csproj", "{AD8DD96E-9ABF-4A6C-91B1-6F6147EE8193}"
EndProject
Project("{FAE04EC0-301F-11D3-BF4B-00C04F79EFBC}") = "fmDataGrid", "fmDataGrid\fmDataGrid.csproj", "{30A5CD2D-C64C-402B-A957-3885E498A97C}"
EndProject
Project("{FAE04EC0-301F-11D3-BF4B-00C04F79EFBC}") = "Equations", "Equations\Equations.csproj", "{98183315-59DF-4FFC-98EA-71E8BE950DE7}"
EndProject
Project("{FAE04EC0-301F-11D3-BF4B-00C04F79EFBC}") = "UpdateHandler", "UpdateHandler\UpdateHandler.csproj", "{4AE3622D-D14E-46A6-AD01-0B88B9BC22C8}"
EndProject
Project("{FAE04EC0-301F-11D3-BF4B-00C04F79EFBC}") = "Units", "Units\Units.csproj", "{2687A39A-2905-4632-A57E-5F98C3142423}"
EndProject
Project("{2150E333-8FDC-42A3-9474-1A3956D46DE8}") = "Applications", "Applications", "{60EC55E2-32E6-402E-A5D1-6C58CC3D0DAC}"
EndProject
Project("{FAE04EC0-301F-11D3-BF4B-00C04F79EFBC}") = "Calculator", "Calculator\Calculator.csproj", "{4CDD18C6-BF61-4381-AEF5-AC7E7631A760}"
EndProject
Project("{FAE04EC0-301F-11D3-BF4B-00C04F79EFBC}") = "MapOrReflection", "MapOrReflection\MapOrReflection.csproj", "{F00D4556-06B5-4FB0-9976-EBE322E7B675}"
EndProject
Project("{FAE04EC0-301F-11D3-BF4B-00C04F79EFBC}") = "fmZedGraph", "fmZedControl\fmZedGraph.csproj", "{6AA10204-B802-462B-AC8B-D012081866BA}"
EndProject
Project("{FAE04EC0-301F-11D3-BF4B-00C04F79EFBC}") = "SmallCalculator2", "SmallCalculator2\SmallCalculator2.csproj", "{48BF16FE-EABA-4727-811D-39AAA93D35D6}"
EndProject
Project("{FAE04EC0-301F-11D3-BF4B-00C04F79EFBC}") = "fsUIControls", "fsUIControls\fsUIControls.csproj", "{D2C13C87-0D9A-416E-8091-58DDDEE2BCEA}"
EndProject
Project("{FAE04EC0-301F-11D3-BF4B-00C04F79EFBC}") = "CalculatorModules", "CalculatorModules\CalculatorModules.csproj", "{932508DA-54C6-4ADD-ACB6-D19F1C7BBE45}"
EndProject
Project("{2150E333-8FDC-42A3-9474-1A3956D46DE8}") = "Setup Projects", "Setup Projects", "{AB416941-EB38-48F0-B631-573F3439E33E}"
EndProject
Project("{54435603-DBB4-11D2-8724-00A0C9A8B90C}") = "FilterCalculatorSetup", "FilterCalculatorSetup\FilterCalculatorSetup.vdproj", "{2817BC9F-9C58-4260-89D8-D126C0E56751}"
EndProject
Project("{FAE04EC0-301F-11D3-BF4B-00C04F79EFBC}") = "fsNumericalMethods", "fsNumericalMethods\fsNumericalMethods.csproj", "{F52D1A38-87C6-4071-BFEA-1822512A4C0F}"
EndProject
Project("{FAE04EC0-301F-11D3-BF4B-00C04F79EFBC}") = "CurveTestBuilder", "CurveTestBuilder\CurveTestBuilder.csproj", "{E2F3C6C7-4347-45DF-933B-C0F9F305E742}"
EndProject
Project("{FAE04EC0-301F-11D3-BF4B-00C04F79EFBC}") = "fsListViewWithChecking", "fsListViewWithChecking\fsListViewWithChecking.csproj", "{5AFBA5EC-E786-49C5-BC3E-83E6A480D7BD}"
EndProject
Global
	GlobalSection(SolutionConfigurationPlatforms) = preSolution
		Debug|Any CPU = Debug|Any CPU
		Release|Any CPU = Release|Any CPU
	EndGlobalSection
	GlobalSection(ProjectConfigurationPlatforms) = postSolution
		{340165D4-F3D3-415A-8EEA-2B45C794A2C0}.Debug|Any CPU.ActiveCfg = Debug|Any CPU
		{340165D4-F3D3-415A-8EEA-2B45C794A2C0}.Debug|Any CPU.Build.0 = Debug|Any CPU
		{340165D4-F3D3-415A-8EEA-2B45C794A2C0}.Release|Any CPU.ActiveCfg = Release|Any CPU
		{340165D4-F3D3-415A-8EEA-2B45C794A2C0}.Release|Any CPU.Build.0 = Release|Any CPU
		{67A1D000-12E6-439C-BC89-23C4059BC855}.Debug|Any CPU.ActiveCfg = Debug|Any CPU
		{67A1D000-12E6-439C-BC89-23C4059BC855}.Debug|Any CPU.Build.0 = Debug|Any CPU
		{67A1D000-12E6-439C-BC89-23C4059BC855}.Release|Any CPU.ActiveCfg = Release|Any CPU
		{67A1D000-12E6-439C-BC89-23C4059BC855}.Release|Any CPU.Build.0 = Release|Any CPU
		{CD1BD2A7-AB61-4A58-B1F9-9A3DF9A0E9F2}.Debug|Any CPU.ActiveCfg = Debug|Any CPU
		{CD1BD2A7-AB61-4A58-B1F9-9A3DF9A0E9F2}.Debug|Any CPU.Build.0 = Debug|Any CPU
		{CD1BD2A7-AB61-4A58-B1F9-9A3DF9A0E9F2}.Release|Any CPU.ActiveCfg = Release|Any CPU
		{CD1BD2A7-AB61-4A58-B1F9-9A3DF9A0E9F2}.Release|Any CPU.Build.0 = Release|Any CPU
		{95DCD086-DBE7-4361-BE61-C62FB904659E}.Debug|Any CPU.ActiveCfg = Debug|Any CPU
		{95DCD086-DBE7-4361-BE61-C62FB904659E}.Debug|Any CPU.Build.0 = Debug|Any CPU
		{95DCD086-DBE7-4361-BE61-C62FB904659E}.Release|Any CPU.ActiveCfg = Release|Any CPU
		{95DCD086-DBE7-4361-BE61-C62FB904659E}.Release|Any CPU.Build.0 = Release|Any CPU
		{29690520-285F-4A59-A36C-1CE0D0EAC2ED}.Debug|Any CPU.ActiveCfg = Debug|Any CPU
		{29690520-285F-4A59-A36C-1CE0D0EAC2ED}.Debug|Any CPU.Build.0 = Debug|Any CPU
		{29690520-285F-4A59-A36C-1CE0D0EAC2ED}.Release|Any CPU.ActiveCfg = Release|Any CPU
		{29690520-285F-4A59-A36C-1CE0D0EAC2ED}.Release|Any CPU.Build.0 = Release|Any CPU
		{AD8DD96E-9ABF-4A6C-91B1-6F6147EE8193}.Debug|Any CPU.ActiveCfg = Debug|Any CPU
		{AD8DD96E-9ABF-4A6C-91B1-6F6147EE8193}.Debug|Any CPU.Build.0 = Debug|Any CPU
		{AD8DD96E-9ABF-4A6C-91B1-6F6147EE8193}.Release|Any CPU.ActiveCfg = Release|Any CPU
		{AD8DD96E-9ABF-4A6C-91B1-6F6147EE8193}.Release|Any CPU.Build.0 = Release|Any CPU
		{30A5CD2D-C64C-402B-A957-3885E498A97C}.Debug|Any CPU.ActiveCfg = Debug|Any CPU
		{30A5CD2D-C64C-402B-A957-3885E498A97C}.Debug|Any CPU.Build.0 = Debug|Any CPU
		{30A5CD2D-C64C-402B-A957-3885E498A97C}.Release|Any CPU.ActiveCfg = Release|Any CPU
		{30A5CD2D-C64C-402B-A957-3885E498A97C}.Release|Any CPU.Build.0 = Release|Any CPU
		{98183315-59DF-4FFC-98EA-71E8BE950DE7}.Debug|Any CPU.ActiveCfg = Debug|Any CPU
		{98183315-59DF-4FFC-98EA-71E8BE950DE7}.Debug|Any CPU.Build.0 = Debug|Any CPU
		{98183315-59DF-4FFC-98EA-71E8BE950DE7}.Release|Any CPU.ActiveCfg = Release|Any CPU
		{98183315-59DF-4FFC-98EA-71E8BE950DE7}.Release|Any CPU.Build.0 = Release|Any CPU
		{4AE3622D-D14E-46A6-AD01-0B88B9BC22C8}.Debug|Any CPU.ActiveCfg = Debug|Any CPU
		{4AE3622D-D14E-46A6-AD01-0B88B9BC22C8}.Debug|Any CPU.Build.0 = Debug|Any CPU
		{4AE3622D-D14E-46A6-AD01-0B88B9BC22C8}.Release|Any CPU.ActiveCfg = Release|Any CPU
		{4AE3622D-D14E-46A6-AD01-0B88B9BC22C8}.Release|Any CPU.Build.0 = Release|Any CPU
		{2687A39A-2905-4632-A57E-5F98C3142423}.Debug|Any CPU.ActiveCfg = Debug|Any CPU
		{2687A39A-2905-4632-A57E-5F98C3142423}.Debug|Any CPU.Build.0 = Debug|Any CPU
		{2687A39A-2905-4632-A57E-5F98C3142423}.Release|Any CPU.ActiveCfg = Release|Any CPU
		{2687A39A-2905-4632-A57E-5F98C3142423}.Release|Any CPU.Build.0 = Release|Any CPU
		{4CDD18C6-BF61-4381-AEF5-AC7E7631A760}.Debug|Any CPU.ActiveCfg = Debug|Any CPU
		{4CDD18C6-BF61-4381-AEF5-AC7E7631A760}.Debug|Any CPU.Build.0 = Debug|Any CPU
		{4CDD18C6-BF61-4381-AEF5-AC7E7631A760}.Release|Any CPU.ActiveCfg = Release|Any CPU
		{4CDD18C6-BF61-4381-AEF5-AC7E7631A760}.Release|Any CPU.Build.0 = Release|Any CPU
		{F00D4556-06B5-4FB0-9976-EBE322E7B675}.Debug|Any CPU.ActiveCfg = Debug|Any CPU
		{F00D4556-06B5-4FB0-9976-EBE322E7B675}.Debug|Any CPU.Build.0 = Debug|Any CPU
		{F00D4556-06B5-4FB0-9976-EBE322E7B675}.Release|Any CPU.ActiveCfg = Release|Any CPU
		{F00D4556-06B5-4FB0-9976-EBE322E7B675}.Release|Any CPU.Build.0 = Release|Any CPU
		{6AA10204-B802-462B-AC8B-D012081866BA}.Debug|Any CPU.ActiveCfg = Debug|Any CPU
		{6AA10204-B802-462B-AC8B-D012081866BA}.Debug|Any CPU.Build.0 = Debug|Any CPU
		{6AA10204-B802-462B-AC8B-D012081866BA}.Release|Any CPU.ActiveCfg = Release|Any CPU
		{6AA10204-B802-462B-AC8B-D012081866BA}.Release|Any CPU.Build.0 = Release|Any CPU
		{48BF16FE-EABA-4727-811D-39AAA93D35D6}.Debug|Any CPU.ActiveCfg = Debug|Any CPU
		{48BF16FE-EABA-4727-811D-39AAA93D35D6}.Debug|Any CPU.Build.0 = Debug|Any CPU
		{48BF16FE-EABA-4727-811D-39AAA93D35D6}.Release|Any CPU.ActiveCfg = Release|Any CPU
		{48BF16FE-EABA-4727-811D-39AAA93D35D6}.Release|Any CPU.Build.0 = Release|Any CPU
		{D2C13C87-0D9A-416E-8091-58DDDEE2BCEA}.Debug|Any CPU.ActiveCfg = Debug|Any CPU
		{D2C13C87-0D9A-416E-8091-58DDDEE2BCEA}.Debug|Any CPU.Build.0 = Debug|Any CPU
		{D2C13C87-0D9A-416E-8091-58DDDEE2BCEA}.Release|Any CPU.ActiveCfg = Release|Any CPU
		{D2C13C87-0D9A-416E-8091-58DDDEE2BCEA}.Release|Any CPU.Build.0 = Release|Any CPU
		{932508DA-54C6-4ADD-ACB6-D19F1C7BBE45}.Debug|Any CPU.ActiveCfg = Debug|Any CPU
		{932508DA-54C6-4ADD-ACB6-D19F1C7BBE45}.Debug|Any CPU.Build.0 = Debug|Any CPU
		{932508DA-54C6-4ADD-ACB6-D19F1C7BBE45}.Release|Any CPU.ActiveCfg = Release|Any CPU
		{932508DA-54C6-4ADD-ACB6-D19F1C7BBE45}.Release|Any CPU.Build.0 = Release|Any CPU
		{2817BC9F-9C58-4260-89D8-D126C0E56751}.Debug|Any CPU.ActiveCfg = Debug
		{2817BC9F-9C58-4260-89D8-D126C0E56751}.Release|Any CPU.ActiveCfg = Release
		{F52D1A38-87C6-4071-BFEA-1822512A4C0F}.Debug|Any CPU.ActiveCfg = Debug|Any CPU
		{F52D1A38-87C6-4071-BFEA-1822512A4C0F}.Debug|Any CPU.Build.0 = Debug|Any CPU
		{F52D1A38-87C6-4071-BFEA-1822512A4C0F}.Release|Any CPU.ActiveCfg = Release|Any CPU
		{F52D1A38-87C6-4071-BFEA-1822512A4C0F}.Release|Any CPU.Build.0 = Release|Any CPU
		{E2F3C6C7-4347-45DF-933B-C0F9F305E742}.Debug|Any CPU.ActiveCfg = Debug|Any CPU
		{E2F3C6C7-4347-45DF-933B-C0F9F305E742}.Debug|Any CPU.Build.0 = Debug|Any CPU
		{E2F3C6C7-4347-45DF-933B-C0F9F305E742}.Release|Any CPU.ActiveCfg = Release|Any CPU
		{E2F3C6C7-4347-45DF-933B-C0F9F305E742}.Release|Any CPU.Build.0 = Release|Any CPU
		{5AFBA5EC-E786-49C5-BC3E-83E6A480D7BD}.Debug|Any CPU.ActiveCfg = Debug|Any CPU
		{5AFBA5EC-E786-49C5-BC3E-83E6A480D7BD}.Debug|Any CPU.Build.0 = Debug|Any CPU
		{5AFBA5EC-E786-49C5-BC3E-83E6A480D7BD}.Release|Any CPU.ActiveCfg = Release|Any CPU
		{5AFBA5EC-E786-49C5-BC3E-83E6A480D7BD}.Release|Any CPU.Build.0 = Release|Any CPU
	EndGlobalSection
	GlobalSection(SolutionProperties) = preSolution
		HideSolutionNode = FALSE
	EndGlobalSection
	GlobalSection(NestedProjects) = preSolution
		{29690520-285F-4A59-A36C-1CE0D0EAC2ED} = {0888CD03-3B39-4394-AB89-9DBC41961E48}
		{340165D4-F3D3-415A-8EEA-2B45C794A2C0} = {0888CD03-3B39-4394-AB89-9DBC41961E48}
		{AD8DD96E-9ABF-4A6C-91B1-6F6147EE8193} = {0888CD03-3B39-4394-AB89-9DBC41961E48}
		{F00D4556-06B5-4FB0-9976-EBE322E7B675} = {0888CD03-3B39-4394-AB89-9DBC41961E48}
		{E2F3C6C7-4347-45DF-933B-C0F9F305E742} = {0888CD03-3B39-4394-AB89-9DBC41961E48}
		{CD1BD2A7-AB61-4A58-B1F9-9A3DF9A0E9F2} = {0DCA16CA-6D6E-4C37-A1B1-45ED061175FF}
		{95DCD086-DBE7-4361-BE61-C62FB904659E} = {0DCA16CA-6D6E-4C37-A1B1-45ED061175FF}
		{67A1D000-12E6-439C-BC89-23C4059BC855} = {0DCA16CA-6D6E-4C37-A1B1-45ED061175FF}
		{30A5CD2D-C64C-402B-A957-3885E498A97C} = {0DCA16CA-6D6E-4C37-A1B1-45ED061175FF}
		{98183315-59DF-4FFC-98EA-71E8BE950DE7} = {0DCA16CA-6D6E-4C37-A1B1-45ED061175FF}
		{4AE3622D-D14E-46A6-AD01-0B88B9BC22C8} = {0DCA16CA-6D6E-4C37-A1B1-45ED061175FF}
		{2687A39A-2905-4632-A57E-5F98C3142423} = {0DCA16CA-6D6E-4C37-A1B1-45ED061175FF}
		{6AA10204-B802-462B-AC8B-D012081866BA} = {0DCA16CA-6D6E-4C37-A1B1-45ED061175FF}
		{D2C13C87-0D9A-416E-8091-58DDDEE2BCEA} = {0DCA16CA-6D6E-4C37-A1B1-45ED061175FF}
		{932508DA-54C6-4ADD-ACB6-D19F1C7BBE45} = {0DCA16CA-6D6E-4C37-A1B1-45ED061175FF}
		{F52D1A38-87C6-4071-BFEA-1822512A4C0F} = {0DCA16CA-6D6E-4C37-A1B1-45ED061175FF}
		{5AFBA5EC-E786-49C5-BC3E-83E6A480D7BD} = {0DCA16CA-6D6E-4C37-A1B1-45ED061175FF}
		{4CDD18C6-BF61-4381-AEF5-AC7E7631A760} = {60EC55E2-32E6-402E-A5D1-6C58CC3D0DAC}
		{48BF16FE-EABA-4727-811D-39AAA93D35D6} = {60EC55E2-32E6-402E-A5D1-6C58CC3D0DAC}
		{2817BC9F-9C58-4260-89D8-D126C0E56751} = {AB416941-EB38-48F0-B631-573F3439E33E}
	EndGlobalSection
EndGlobal
