
Microsoft Visual Studio Solution File, Format Version 10.00
# Visual Studio 2008
Project("{FAE04EC0-301F-11D3-BF4B-00C04F79EFBC}") = "fsim", "fsim\fsim.csproj", "{340165D4-F3D3-415A-8EEA-2B45C794A2C0}"
EndProject
Project("{FAE04EC0-301F-11D3-BF4B-00C04F79EFBC}") = "Parameters", "ParametersIdentifiers\Parameters.csproj", "{67A1D000-12E6-439C-BC89-23C4059BC855}"
EndProject
Project("{FAE04EC0-301F-11D3-BF4B-00C04F79EFBC}") = "Value", "Value\Value.csproj", "{CD1BD2A7-AB61-4A58-B1F9-9A3DF9A0E9F2}"
EndProject
Project("{FAE04EC0-301F-11D3-BF4B-00C04F79EFBC}") = "SimulationSteps", "SimulationSteps\SimulationSteps.csproj", "{E445D8ED-FF06-4AAC-A53B-B821B548303B}"
EndProject
Project("{FAE04EC0-301F-11D3-BF4B-00C04F79EFBC}") = "Simulations", "Simulations\Simulations.csproj", "{D1290B9F-3F5B-46CF-AA02-155CBFA14A74}"
EndProject
Project("{FAE04EC0-301F-11D3-BF4B-00C04F79EFBC}") = "ConsoleSampleCalculator", "ConsoleSampleCalculator\ConsoleSampleCalculator.csproj", "{5129D296-07FE-4B5C-9D63-31167422AF03}"
EndProject
Project("{FAE04EC0-301F-11D3-BF4B-00C04F79EFBC}") = "StepCalculators", "StepCalculators\StepCalculators.csproj", "{95DCD086-DBE7-4361-BE61-C62FB904659E}"
EndProject
Project("{FAE04EC0-301F-11D3-BF4B-00C04F79EFBC}") = "ConsoleCakeFormationSample", "ConsoleCakeFormationSample\ConsoleCakeFormationSample.csproj", "{29690520-285F-4A59-A36C-1CE0D0EAC2ED}"
EndProject
Global
	GlobalSection(SolutionConfigurationPlatforms) = preSolution
		Debug|Any CPU = Debug|Any CPU
		Release|Any CPU = Release|Any CPU
	EndGlobalSection
	GlobalSection(ProjectConfigurationPlatforms) = postSolution
		{340165D4-F3D3-415A-8EEA-2B45C794A2C0}.Debug|Any CPU.ActiveCfg = Debug|Any CPU
		{340165D4-F3D3-415A-8EEA-2B45C794A2C0}.Debug|Any CPU.Build.0 = Debug|Any CPU
		{340165D4-F3D3-415A-8EEA-2B45C794A2C0}.Release|Any CPU.ActiveCfg = Release|Any CPU
		{340165D4-F3D3-415A-8EEA-2B45C794A2C0}.Release|Any CPU.Build.0 = Release|Any CPU
		{67A1D000-12E6-439C-BC89-23C4059BC855}.Debug|Any CPU.ActiveCfg = Debug|Any CPU
		{67A1D000-12E6-439C-BC89-23C4059BC855}.Debug|Any CPU.Build.0 = Debug|Any CPU
		{67A1D000-12E6-439C-BC89-23C4059BC855}.Release|Any CPU.ActiveCfg = Release|Any CPU
		{67A1D000-12E6-439C-BC89-23C4059BC855}.Release|Any CPU.Build.0 = Release|Any CPU
		{CD1BD2A7-AB61-4A58-B1F9-9A3DF9A0E9F2}.Debug|Any CPU.ActiveCfg = Debug|Any CPU
		{CD1BD2A7-AB61-4A58-B1F9-9A3DF9A0E9F2}.Debug|Any CPU.Build.0 = Debug|Any CPU
		{CD1BD2A7-AB61-4A58-B1F9-9A3DF9A0E9F2}.Release|Any CPU.ActiveCfg = Release|Any CPU
		{CD1BD2A7-AB61-4A58-B1F9-9A3DF9A0E9F2}.Release|Any CPU.Build.0 = Release|Any CPU
		{E445D8ED-FF06-4AAC-A53B-B821B548303B}.Debug|Any CPU.ActiveCfg = Debug|Any CPU
		{E445D8ED-FF06-4AAC-A53B-B821B548303B}.Debug|Any CPU.Build.0 = Debug|Any CPU
		{E445D8ED-FF06-4AAC-A53B-B821B548303B}.Release|Any CPU.ActiveCfg = Release|Any CPU
		{E445D8ED-FF06-4AAC-A53B-B821B548303B}.Release|Any CPU.Build.0 = Release|Any CPU
		{D1290B9F-3F5B-46CF-AA02-155CBFA14A74}.Debug|Any CPU.ActiveCfg = Debug|Any CPU
		{D1290B9F-3F5B-46CF-AA02-155CBFA14A74}.Debug|Any CPU.Build.0 = Debug|Any CPU
		{D1290B9F-3F5B-46CF-AA02-155CBFA14A74}.Release|Any CPU.ActiveCfg = Release|Any CPU
		{D1290B9F-3F5B-46CF-AA02-155CBFA14A74}.Release|Any CPU.Build.0 = Release|Any CPU
		{5129D296-07FE-4B5C-9D63-31167422AF03}.Debug|Any CPU.ActiveCfg = Debug|Any CPU
		{5129D296-07FE-4B5C-9D63-31167422AF03}.Debug|Any CPU.Build.0 = Debug|Any CPU
		{5129D296-07FE-4B5C-9D63-31167422AF03}.Release|Any CPU.ActiveCfg = Release|Any CPU
		{5129D296-07FE-4B5C-9D63-31167422AF03}.Release|Any CPU.Build.0 = Release|Any CPU
		{95DCD086-DBE7-4361-BE61-C62FB904659E}.Debug|Any CPU.ActiveCfg = Debug|Any CPU
		{95DCD086-DBE7-4361-BE61-C62FB904659E}.Debug|Any CPU.Build.0 = Debug|Any CPU
		{95DCD086-DBE7-4361-BE61-C62FB904659E}.Release|Any CPU.ActiveCfg = Release|Any CPU
		{95DCD086-DBE7-4361-BE61-C62FB904659E}.Release|Any CPU.Build.0 = Release|Any CPU
		{29690520-285F-4A59-A36C-1CE0D0EAC2ED}.Debug|Any CPU.ActiveCfg = Debug|Any CPU
		{29690520-285F-4A59-A36C-1CE0D0EAC2ED}.Debug|Any CPU.Build.0 = Debug|Any CPU
		{29690520-285F-4A59-A36C-1CE0D0EAC2ED}.Release|Any CPU.ActiveCfg = Release|Any CPU
		{29690520-285F-4A59-A36C-1CE0D0EAC2ED}.Release|Any CPU.Build.0 = Release|Any CPU
	EndGlobalSection
	GlobalSection(SolutionProperties) = preSolution
		HideSolutionNode = FALSE
	EndGlobalSection
EndGlobal
